
Microsoft Visual Studio Solution File, Format Version 11.00
# Visual Studio 2010
Project("{EDCC3B85-0BAD-11DB-BC1A-00112FDE8B61}") = "DBLib", "DBLib.nproj", "{47665A41-B088-411D-BD57-61EB8D568B5B}"
EndProject
Global
	GlobalSection(SolutionConfigurationPlatforms) = preSolution
		Debug|Any CPU = Debug|Any CPU
		Release|Any CPU = Release|Any CPU
	EndGlobalSection
	GlobalSection(ProjectConfigurationPlatforms) = postSolution
		{47665A41-B088-411D-BD57-61EB8D568B5B}.Debug|Any CPU.ActiveCfg = Debug|Any CPU
		{47665A41-B088-411D-BD57-61EB8D568B5B}.Debug|Any CPU.Build.0 = Debug|Any CPU
		{47665A41-B088-411D-BD57-61EB8D568B5B}.Release|Any CPU.ActiveCfg = Release|Any CPU
		{47665A41-B088-411D-BD57-61EB8D568B5B}.Release|Any CPU.Build.0 = Release|Any CPU
	EndGlobalSection
	GlobalSection(SolutionProperties) = preSolution
		HideSolutionNode = FALSE
	EndGlobalSection
EndGlobal
